
Microsoft Visual Studio Solution File, Format Version 12.00
# Visual Studio Version 17
VisualStudioVersion = 17.4.33110.190
MinimumVisualStudioVersion = 10.0.40219.1
Project("{8BC9CEB8-8B4A-11D0-8D11-00A0C91BC942}") = "eigenwrapper", "eigenwrapper\eigenwrapper.vcxproj", "{EFB5DC22-28E8-41BE-AF5F-235E5D651D81}"
EndProject
Project("{8BC9CEB8-8B4A-11D0-8D11-00A0C91BC942}") = "KlylovSubspaceTest", "KlylovSubspaceTest\KlylovSubspaceTest.vcxproj", "{B2C75950-D40B-4C58-B4BB-44159E71AB65}"
EndProject
Project("{8BC9CEB8-8B4A-11D0-8D11-00A0C91BC942}") = "kingghidorah", "kingghidorah\kingghidorah.vcxproj", "{796D04BC-374B-439A-BFEB-4404F542A70D}"
	ProjectSection(ProjectDependencies) = postProject
		{EFB5DC22-28E8-41BE-AF5F-235E5D651D81} = {EFB5DC22-28E8-41BE-AF5F-235E5D651D81}
	EndProjectSection
EndProject
Global
	GlobalSection(SolutionConfigurationPlatforms) = preSolution
		Debug|x64 = Debug|x64
		Debug|x86 = Debug|x86
		Release|x64 = Release|x64
		Release|x86 = Release|x86
	EndGlobalSection
	GlobalSection(ProjectConfigurationPlatforms) = postSolution
		{EFB5DC22-28E8-41BE-AF5F-235E5D651D81}.Debug|x64.ActiveCfg = Debug|x64
		{EFB5DC22-28E8-41BE-AF5F-235E5D651D81}.Debug|x64.Build.0 = Debug|x64
		{EFB5DC22-28E8-41BE-AF5F-235E5D651D81}.Debug|x86.ActiveCfg = Debug|Win32
		{EFB5DC22-28E8-41BE-AF5F-235E5D651D81}.Debug|x86.Build.0 = Debug|Win32
		{EFB5DC22-28E8-41BE-AF5F-235E5D651D81}.Release|x64.ActiveCfg = Release|x64
		{EFB5DC22-28E8-41BE-AF5F-235E5D651D81}.Release|x64.Build.0 = Release|x64
		{EFB5DC22-28E8-41BE-AF5F-235E5D651D81}.Release|x86.ActiveCfg = Release|Win32
		{EFB5DC22-28E8-41BE-AF5F-235E5D651D81}.Release|x86.Build.0 = Release|Win32
		{B2C75950-D40B-4C58-B4BB-44159E71AB65}.Debug|x64.ActiveCfg = Debug|x64
		{B2C75950-D40B-4C58-B4BB-44159E71AB65}.Debug|x64.Build.0 = Debug|x64
		{B2C75950-D40B-4C58-B4BB-44159E71AB65}.Debug|x86.ActiveCfg = Debug|Win32
		{B2C75950-D40B-4C58-B4BB-44159E71AB65}.Debug|x86.Build.0 = Debug|Win32
		{B2C75950-D40B-4C58-B4BB-44159E71AB65}.Release|x64.ActiveCfg = Release|x64
		{B2C75950-D40B-4C58-B4BB-44159E71AB65}.Release|x64.Build.0 = Release|x64
		{B2C75950-D40B-4C58-B4BB-44159E71AB65}.Release|x86.ActiveCfg = Release|Win32
		{B2C75950-D40B-4C58-B4BB-44159E71AB65}.Release|x86.Build.0 = Release|Win32
		{796D04BC-374B-439A-BFEB-4404F542A70D}.Debug|x64.ActiveCfg = Debug|x64
		{796D04BC-374B-439A-BFEB-4404F542A70D}.Debug|x64.Build.0 = Debug|x64
		{796D04BC-374B-439A-BFEB-4404F542A70D}.Debug|x86.ActiveCfg = Debug|Win32
		{796D04BC-374B-439A-BFEB-4404F542A70D}.Debug|x86.Build.0 = Debug|Win32
		{796D04BC-374B-439A-BFEB-4404F542A70D}.Release|x64.ActiveCfg = Release|x64
		{796D04BC-374B-439A-BFEB-4404F542A70D}.Release|x64.Build.0 = Release|x64
		{796D04BC-374B-439A-BFEB-4404F542A70D}.Release|x86.ActiveCfg = Release|Win32
		{796D04BC-374B-439A-BFEB-4404F542A70D}.Release|x86.Build.0 = Release|Win32
	EndGlobalSection
	GlobalSection(SolutionProperties) = preSolution
		HideSolutionNode = FALSE
	EndGlobalSection
	GlobalSection(ExtensibilityGlobals) = postSolution
		SolutionGuid = {D3ECF25A-AB25-4120-8972-BF7BE22A900B}
	EndGlobalSection
EndGlobal
