
Microsoft Visual Studio Solution File, Format Version 12.00
# Visual Studio Version 18
VisualStudioVersion = 18.0.11222.15
MinimumVisualStudioVersion = 10.0.40219.1
Project("{8BC9CEB8-8B4A-11D0-8D11-00A0C91BC942}") = "eigenwrapper", "eigenwrapper\eigenwrapper.vcxproj", "{EFB5DC22-28E8-41BE-AF5F-235E5D651D81}"
EndProject
Project("{8BC9CEB8-8B4A-11D0-8D11-00A0C91BC942}") = "kingghidorah", "kingghidorah\kingghidorah.vcxproj", "{796D04BC-374B-439A-BFEB-4404F542A70D}"
	ProjectSection(ProjectDependencies) = postProject
		{EFB5DC22-28E8-41BE-AF5F-235E5D651D81} = {EFB5DC22-28E8-41BE-AF5F-235E5D651D81}
	EndProjectSection
EndProject
Project("{8BC9CEB8-8B4A-11D0-8D11-00A0C91BC942}") = "sparse_solver", "sparse_solver\sparse_solver.vcxproj", "{8B9349A3-38AA-A870-2B4A-98D80D9A1A64}"
EndProject
Project("{8BC9CEB8-8B4A-11D0-8D11-00A0C91BC942}") = "_sparse_solver", "_sparse_solver\_sparse_solver.vcxproj", "{C5FA0553-55AB-44B5-8794-C810911B31B8}"
EndProject
Global
	GlobalSection(SolutionConfigurationPlatforms) = preSolution
		DebugCPU|x64 = DebugCPU|x64
		DebugCPU|x86 = DebugCPU|x86
		ReleaseCPU|x64 = ReleaseCPU|x64
		ReleaseCPU|x86 = ReleaseCPU|x86
	EndGlobalSection
	GlobalSection(ProjectConfigurationPlatforms) = postSolution
		{EFB5DC22-28E8-41BE-AF5F-235E5D651D81}.DebugCPU|x64.ActiveCfg = Debug_CPU|x64
		{EFB5DC22-28E8-41BE-AF5F-235E5D651D81}.DebugCPU|x64.Build.0 = Debug_CPU|x64
		{EFB5DC22-28E8-41BE-AF5F-235E5D651D81}.DebugCPU|x86.ActiveCfg = Debug_CPU|Win32
		{EFB5DC22-28E8-41BE-AF5F-235E5D651D81}.DebugCPU|x86.Build.0 = Debug_CPU|Win32
		{EFB5DC22-28E8-41BE-AF5F-235E5D651D81}.ReleaseCPU|x64.ActiveCfg = Release_CPU|x64
		{EFB5DC22-28E8-41BE-AF5F-235E5D651D81}.ReleaseCPU|x64.Build.0 = Release_CPU|x64
		{EFB5DC22-28E8-41BE-AF5F-235E5D651D81}.ReleaseCPU|x86.ActiveCfg = Release_CPU|Win32
		{EFB5DC22-28E8-41BE-AF5F-235E5D651D81}.ReleaseCPU|x86.Build.0 = Release_CPU|Win32
		{796D04BC-374B-439A-BFEB-4404F542A70D}.DebugCPU|x64.ActiveCfg = Debug_CPU|x64
		{796D04BC-374B-439A-BFEB-4404F542A70D}.DebugCPU|x86.ActiveCfg = Release_CPU|Win32
		{796D04BC-374B-439A-BFEB-4404F542A70D}.ReleaseCPU|x64.ActiveCfg = Release_CPU|x64
		{796D04BC-374B-439A-BFEB-4404F542A70D}.ReleaseCPU|x86.ActiveCfg = Release_CPU|Win32
		{796D04BC-374B-439A-BFEB-4404F542A70D}.ReleaseCPU|x86.Build.0 = Release_CPU|Win32
		{8B9349A3-38AA-A870-2B4A-98D80D9A1A64}.DebugCPU|x64.ActiveCfg = Debug|x64
		{8B9349A3-38AA-A870-2B4A-98D80D9A1A64}.DebugCPU|x64.Build.0 = Debug|x64
		{8B9349A3-38AA-A870-2B4A-98D80D9A1A64}.DebugCPU|x86.ActiveCfg = Debug|Win32
		{8B9349A3-38AA-A870-2B4A-98D80D9A1A64}.DebugCPU|x86.Build.0 = Debug|Win32
		{8B9349A3-38AA-A870-2B4A-98D80D9A1A64}.ReleaseCPU|x64.ActiveCfg = Release|x64
		{8B9349A3-38AA-A870-2B4A-98D80D9A1A64}.ReleaseCPU|x64.Build.0 = Release|x64
		{8B9349A3-38AA-A870-2B4A-98D80D9A1A64}.ReleaseCPU|x86.ActiveCfg = Release|Win32
		{8B9349A3-38AA-A870-2B4A-98D80D9A1A64}.ReleaseCPU|x86.Build.0 = Release|Win32
		{C5FA0553-55AB-44B5-8794-C810911B31B8}.DebugCPU|x64.ActiveCfg = Debug|x64
		{C5FA0553-55AB-44B5-8794-C810911B31B8}.DebugCPU|x64.Build.0 = Debug|x64
		{C5FA0553-55AB-44B5-8794-C810911B31B8}.DebugCPU|x86.ActiveCfg = Debug|Win32
		{C5FA0553-55AB-44B5-8794-C810911B31B8}.DebugCPU|x86.Build.0 = Debug|Win32
		{C5FA0553-55AB-44B5-8794-C810911B31B8}.ReleaseCPU|x64.ActiveCfg = Release|x64
		{C5FA0553-55AB-44B5-8794-C810911B31B8}.ReleaseCPU|x64.Build.0 = Release|x64
		{C5FA0553-55AB-44B5-8794-C810911B31B8}.ReleaseCPU|x86.ActiveCfg = Release|Win32
		{C5FA0553-55AB-44B5-8794-C810911B31B8}.ReleaseCPU|x86.Build.0 = Release|Win32
	EndGlobalSection
	GlobalSection(SolutionProperties) = preSolution
		HideSolutionNode = FALSE
	EndGlobalSection
	GlobalSection(ExtensibilityGlobals) = postSolution
		SolutionGuid = {D3ECF25A-AB25-4120-8972-BF7BE22A900B}
	EndGlobalSection
EndGlobal
